{
  "nodes": {
    "nixpkgs": {
      "locked": {
        "lastModified": 1635874522,
        "narHash": "sha256-KsZkGQPFjK7ETqKYCIqVycL7Io/GAUtO8FFkiqbnQ6Q=",
        "owner": "NixOS",
        "repo": "nixpkgs",
        "rev": "db5bae2fe7832ac326a89442fa8e824de44e3e02",
        "type": "github"
      },
      "original": {
        "id": "nixpkgs",
        "type": "indirect"
      }
    },
    "root": {
      "inputs": {
        "nixpkgs": "nixpkgs"
      }
    }
  },
  "root": "root",
  "version": 7
}
